
Microsoft Visual Studio Solution File, Format Version 12.00
# Visual Studio 14
VisualStudioVersion = 14.0.25420.1
MinimumVisualStudioVersion = 10.0.40219.1
Project("{2150E333-8FDC-42A3-9474-1A3956D46DE8}") = "01_Architecture", "01_Architecture", "{597077BF-E433-4F35-B3B3-2624252A2237}"
EndProject
Project("{FAE04EC0-301F-11D3-BF4B-00C04F79EFBC}") = "Boxing_Unboxing", "Boxing_Unboxing\Boxing_Unboxing.csproj", "{BF1008B4-0D8F-4CB5-BA40-D2C3F1D722D5}"
EndProject
Project("{2150E333-8FDC-42A3-9474-1A3956D46DE8}") = "02_Evolution", "02_Evolution", "{247BC8AD-CDB1-4CCF-AB71-7632DBECB351}"
EndProject
Project("{FAE04EC0-301F-11D3-BF4B-00C04F79EFBC}") = "Covariance", "Covariance\Covariance.csproj", "{731E9AD2-FD4C-4BEB-8B95-86741E71B88A}"
EndProject
Project("{FAE04EC0-301F-11D3-BF4B-00C04F79EFBC}") = "DynamicProgramming", "DynamicProgramming\DynamicProgramming.csproj", "{7E4C640D-7945-4F65-979C-16D53EB93BBE}"
EndProject
Project("{FAE04EC0-301F-11D3-BF4B-00C04F79EFBC}") = "ConditionalException", "ConditionalException\ConditionalException.csproj", "{FC801675-8550-4AB8-80FC-9A9CF48586F4}"
EndProject
Project("{FAE04EC0-301F-11D3-BF4B-00C04F79EFBC}") = "Tasks", "Tasks\Tasks.csproj", "{8E38EDE4-4CA4-42DC-9DE2-3EF2884D70E7}"
EndProject
Project("{FAE04EC0-301F-11D3-BF4B-00C04F79EFBC}") = "TaskAsAsync", "TaskAsAsync\TaskAsAsync.csproj", "{53FD3B47-7471-4F34-A35F-A4A2F6C6F665}"
EndProject
Project("{2150E333-8FDC-42A3-9474-1A3956D46DE8}") = "03_OOP", "03_OOP", "{07FF429A-4A8E-4D87-A002-2248946B7287}"
EndProject
Project("{FAE04EC0-301F-11D3-BF4B-00C04F79EFBC}") = "SOLID_Examples", "SOLID_Examples\SOLID_Examples.csproj", "{AC62FFC9-48D1-4F53-BB26-7F093653316B}"
EndProject
Project("{FAE04EC0-301F-11D3-BF4B-00C04F79EFBC}") = "Singleton", "Singleton\Singleton.csproj", "{93B76BAC-0A0B-4ECE-8FD0-9C84EC412247}"
EndProject
Project("{2150E333-8FDC-42A3-9474-1A3956D46DE8}") = "Docs", "Docs", "{56CBB440-ECC1-4FA5-A5DF-96E5C2CF02E1}"
	ProjectSection(SolutionItems) = preProject
		designpatternscard.pdf = designpatternscard.pdf
	EndProjectSection
EndProject
Project("{FAE04EC0-301F-11D3-BF4B-00C04F79EFBC}") = "Factory", "Factory\Factory.csproj", "{AB5C8022-AA56-4871-9DAF-B413AD4EFC0C}"
EndProject
Project("{FAE04EC0-301F-11D3-BF4B-00C04F79EFBC}") = "Adapter", "Adapter\Adapter.csproj", "{BAA192C7-3F29-4596-8350-1A22589DF525}"
EndProject
Project("{FAE04EC0-301F-11D3-BF4B-00C04F79EFBC}") = "Decorator", "Decorator\Decorator.csproj", "{3249EC61-8DFF-4011-BE0A-ED1BE171BB17}"
EndProject
Project("{FAE04EC0-301F-11D3-BF4B-00C04F79EFBC}") = "Observer", "Observer\Observer.csproj", "{A39E67FC-0205-435D-84B5-13F22C2A5A50}"
EndProject
Global
	GlobalSection(SolutionConfigurationPlatforms) = preSolution
		Debug|Any CPU = Debug|Any CPU
		Release|Any CPU = Release|Any CPU
	EndGlobalSection
	GlobalSection(ProjectConfigurationPlatforms) = postSolution
		{BF1008B4-0D8F-4CB5-BA40-D2C3F1D722D5}.Debug|Any CPU.ActiveCfg = Debug|Any CPU
		{BF1008B4-0D8F-4CB5-BA40-D2C3F1D722D5}.Debug|Any CPU.Build.0 = Debug|Any CPU
		{BF1008B4-0D8F-4CB5-BA40-D2C3F1D722D5}.Release|Any CPU.ActiveCfg = Release|Any CPU
		{BF1008B4-0D8F-4CB5-BA40-D2C3F1D722D5}.Release|Any CPU.Build.0 = Release|Any CPU
		{731E9AD2-FD4C-4BEB-8B95-86741E71B88A}.Debug|Any CPU.ActiveCfg = Debug|Any CPU
		{731E9AD2-FD4C-4BEB-8B95-86741E71B88A}.Debug|Any CPU.Build.0 = Debug|Any CPU
		{731E9AD2-FD4C-4BEB-8B95-86741E71B88A}.Release|Any CPU.ActiveCfg = Release|Any CPU
		{731E9AD2-FD4C-4BEB-8B95-86741E71B88A}.Release|Any CPU.Build.0 = Release|Any CPU
		{7E4C640D-7945-4F65-979C-16D53EB93BBE}.Debug|Any CPU.ActiveCfg = Debug|Any CPU
		{7E4C640D-7945-4F65-979C-16D53EB93BBE}.Debug|Any CPU.Build.0 = Debug|Any CPU
		{7E4C640D-7945-4F65-979C-16D53EB93BBE}.Release|Any CPU.ActiveCfg = Release|Any CPU
		{7E4C640D-7945-4F65-979C-16D53EB93BBE}.Release|Any CPU.Build.0 = Release|Any CPU
		{FC801675-8550-4AB8-80FC-9A9CF48586F4}.Debug|Any CPU.ActiveCfg = Debug|Any CPU
		{FC801675-8550-4AB8-80FC-9A9CF48586F4}.Debug|Any CPU.Build.0 = Debug|Any CPU
		{FC801675-8550-4AB8-80FC-9A9CF48586F4}.Release|Any CPU.ActiveCfg = Release|Any CPU
		{FC801675-8550-4AB8-80FC-9A9CF48586F4}.Release|Any CPU.Build.0 = Release|Any CPU
		{8E38EDE4-4CA4-42DC-9DE2-3EF2884D70E7}.Debug|Any CPU.ActiveCfg = Debug|Any CPU
		{8E38EDE4-4CA4-42DC-9DE2-3EF2884D70E7}.Debug|Any CPU.Build.0 = Debug|Any CPU
		{8E38EDE4-4CA4-42DC-9DE2-3EF2884D70E7}.Release|Any CPU.ActiveCfg = Release|Any CPU
		{8E38EDE4-4CA4-42DC-9DE2-3EF2884D70E7}.Release|Any CPU.Build.0 = Release|Any CPU
		{53FD3B47-7471-4F34-A35F-A4A2F6C6F665}.Debug|Any CPU.ActiveCfg = Debug|Any CPU
		{53FD3B47-7471-4F34-A35F-A4A2F6C6F665}.Debug|Any CPU.Build.0 = Debug|Any CPU
		{53FD3B47-7471-4F34-A35F-A4A2F6C6F665}.Release|Any CPU.ActiveCfg = Release|Any CPU
		{53FD3B47-7471-4F34-A35F-A4A2F6C6F665}.Release|Any CPU.Build.0 = Release|Any CPU
		{AC62FFC9-48D1-4F53-BB26-7F093653316B}.Debug|Any CPU.ActiveCfg = Debug|Any CPU
		{AC62FFC9-48D1-4F53-BB26-7F093653316B}.Debug|Any CPU.Build.0 = Debug|Any CPU
		{AC62FFC9-48D1-4F53-BB26-7F093653316B}.Release|Any CPU.ActiveCfg = Release|Any CPU
		{AC62FFC9-48D1-4F53-BB26-7F093653316B}.Release|Any CPU.Build.0 = Release|Any CPU
		{93B76BAC-0A0B-4ECE-8FD0-9C84EC412247}.Debug|Any CPU.ActiveCfg = Debug|Any CPU
		{93B76BAC-0A0B-4ECE-8FD0-9C84EC412247}.Debug|Any CPU.Build.0 = Debug|Any CPU
		{93B76BAC-0A0B-4ECE-8FD0-9C84EC412247}.Release|Any CPU.ActiveCfg = Release|Any CPU
		{93B76BAC-0A0B-4ECE-8FD0-9C84EC412247}.Release|Any CPU.Build.0 = Release|Any CPU
		{AB5C8022-AA56-4871-9DAF-B413AD4EFC0C}.Debug|Any CPU.ActiveCfg = Debug|Any CPU
		{AB5C8022-AA56-4871-9DAF-B413AD4EFC0C}.Debug|Any CPU.Build.0 = Debug|Any CPU
		{AB5C8022-AA56-4871-9DAF-B413AD4EFC0C}.Release|Any CPU.ActiveCfg = Release|Any CPU
		{AB5C8022-AA56-4871-9DAF-B413AD4EFC0C}.Release|Any CPU.Build.0 = Release|Any CPU
		{BAA192C7-3F29-4596-8350-1A22589DF525}.Debug|Any CPU.ActiveCfg = Debug|Any CPU
		{BAA192C7-3F29-4596-8350-1A22589DF525}.Debug|Any CPU.Build.0 = Debug|Any CPU
		{BAA192C7-3F29-4596-8350-1A22589DF525}.Release|Any CPU.ActiveCfg = Release|Any CPU
		{BAA192C7-3F29-4596-8350-1A22589DF525}.Release|Any CPU.Build.0 = Release|Any CPU
		{3249EC61-8DFF-4011-BE0A-ED1BE171BB17}.Debug|Any CPU.ActiveCfg = Debug|Any CPU
		{3249EC61-8DFF-4011-BE0A-ED1BE171BB17}.Debug|Any CPU.Build.0 = Debug|Any CPU
		{3249EC61-8DFF-4011-BE0A-ED1BE171BB17}.Release|Any CPU.ActiveCfg = Release|Any CPU
		{3249EC61-8DFF-4011-BE0A-ED1BE171BB17}.Release|Any CPU.Build.0 = Release|Any CPU
		{A39E67FC-0205-435D-84B5-13F22C2A5A50}.Debug|Any CPU.ActiveCfg = Debug|Any CPU
		{A39E67FC-0205-435D-84B5-13F22C2A5A50}.Debug|Any CPU.Build.0 = Debug|Any CPU
		{A39E67FC-0205-435D-84B5-13F22C2A5A50}.Release|Any CPU.ActiveCfg = Release|Any CPU
		{A39E67FC-0205-435D-84B5-13F22C2A5A50}.Release|Any CPU.Build.0 = Release|Any CPU
	EndGlobalSection
	GlobalSection(SolutionProperties) = preSolution
		HideSolutionNode = FALSE
	EndGlobalSection
	GlobalSection(NestedProjects) = preSolution
		{BF1008B4-0D8F-4CB5-BA40-D2C3F1D722D5} = {597077BF-E433-4F35-B3B3-2624252A2237}
		{731E9AD2-FD4C-4BEB-8B95-86741E71B88A} = {247BC8AD-CDB1-4CCF-AB71-7632DBECB351}
		{7E4C640D-7945-4F65-979C-16D53EB93BBE} = {247BC8AD-CDB1-4CCF-AB71-7632DBECB351}
		{FC801675-8550-4AB8-80FC-9A9CF48586F4} = {247BC8AD-CDB1-4CCF-AB71-7632DBECB351}
		{8E38EDE4-4CA4-42DC-9DE2-3EF2884D70E7} = {247BC8AD-CDB1-4CCF-AB71-7632DBECB351}
		{53FD3B47-7471-4F34-A35F-A4A2F6C6F665} = {247BC8AD-CDB1-4CCF-AB71-7632DBECB351}
		{AC62FFC9-48D1-4F53-BB26-7F093653316B} = {07FF429A-4A8E-4D87-A002-2248946B7287}
		{93B76BAC-0A0B-4ECE-8FD0-9C84EC412247} = {07FF429A-4A8E-4D87-A002-2248946B7287}
		{AB5C8022-AA56-4871-9DAF-B413AD4EFC0C} = {07FF429A-4A8E-4D87-A002-2248946B7287}
		{BAA192C7-3F29-4596-8350-1A22589DF525} = {07FF429A-4A8E-4D87-A002-2248946B7287}
		{3249EC61-8DFF-4011-BE0A-ED1BE171BB17} = {07FF429A-4A8E-4D87-A002-2248946B7287}
		{A39E67FC-0205-435D-84B5-13F22C2A5A50} = {07FF429A-4A8E-4D87-A002-2248946B7287}
	EndGlobalSection
EndGlobal
